{
  "name": "easywin",
  "version": "0.2.53",
  "lockfileVersion": 1,
  "requires": true,
  "dependencies": {
    "@types/node": {
      "version": "14.14.33",
      "resolved": "https://registry.npmjs.org/@types/node/-/node-14.14.33.tgz",
      "integrity": "sha512-oJqcTrgPUF29oUP8AsUqbXGJNuPutsetaa9kTQAQce5Lx5dTYWV02ScBiT/k1BX/Z7pKeqedmvp39Wu4zR7N7g==",
      "dev": true
    },
    "node-addon-api": {
      "version": "3.1.0",
      "resolved": "https://registry.npmjs.org/node-addon-api/-/node-addon-api-3.1.0.tgz",
      "integrity": "sha512-flmrDNB06LIl5lywUz7YlNGZH/5p0M7W28k8hzd9Lshtdh1wshD2Y+U4h9LD6KObOy1f+fEVdgprPrEymjM5uw=="
    }
  }
}
